// !$*UTF8*$!
{
	archiveVersion = 1;
	classes = {
	};
	objectVersion = 77;
	objects = {

/* Begin PBXBuildFile section */
		F482C7362E4625BC0031DAF0 /* README.md in Resources */ = {isa = PBXBuildFile; fileRef = F482C7352E4625B40031DAF0 /* README.md */; };
/* End PBXBuildFile section */

/* Begin PBXContainerItemProxy section */
		F476CA5A2E45D22F00EF7F73 /* PBXContainerItemProxy */ = {
			isa = PBXContainerItemProxy;
			containerPortal = F476CA3F2E45D15100EF7F73 /* Project object */;
			proxyType = 1;
			remoteGlobalIDString = F476CA462E45D15100EF7F73;
			remoteInfo = SmartFinance;
		};
		F476CA642E45D22F00EF7F73 /* PBXContainerItemProxy */ = {
			isa = PBXContainerItemProxy;
			containerPortal = F476CA3F2E45D15100EF7F73 /* Project object */;
			proxyType = 1;
			remoteGlobalIDString = F476CA462E45D15100EF7F73;
			remoteInfo = SmartFinance;
		};
/* End PBXContainerItemProxy section */

/* Begin PBXFileReference section */
		F476CA472E45D15100EF7F73 /* SmartFinance.app */ = {isa = PBXFileReference; explicitFileType = wrapper.application; includeInIndex = 0; path = SmartFinance.app; sourceTree = BUILT_PRODUCTS_DIR; };
		F476CA592E45D22F00EF7F73 /* SmartFinanceTests.xctest */ = {isa = PBXFileReference; explicitFileType = wrapper.cfbundle; includeInIndex = 0; path = SmartFinanceTests.xctest; sourceTree = BUILT_PRODUCTS_DIR; };
		F476CA632E45D22F00EF7F73 /* SmartFinanceUITests.xctest */ = {isa = PBXFileReference; explicitFileType = wrapper.cfbundle; includeInIndex = 0; path = SmartFinanceUITests.xctest; sourceTree = BUILT_PRODUCTS_DIR; };
		F482C7352E4625B40031DAF0 /* README.md */ = {isa = PBXFileReference; lastKnownFileType = net.daringfireball.markdown; path = README.md; sourceTree = "<group>"; };
/* End PBXFileReference section */

/* Begin PBXFileSystemSynchronizedRootGroup section */
		F476CA492E45D15100EF7F73 /* SmartFinance */ = {
			isa = PBXFileSystemSynchronizedRootGroup;
			path = SmartFinance;
			sourceTree = "<group>";
		};
		F476CA5C2E45D22F00EF7F73 /* SmartFinanceTests */ = {
			isa = PBXFileSystemSynchronizedRootGroup;
			path = SmartFinanceTests;
			sourceTree = "<group>";
		};
		F476CA662E45D22F00EF7F73 /* SmartFinanceUITests */ = {
			isa = PBXFileSystemSynchronizedRootGroup;
			path = SmartFinanceUITests;
			sourceTree = "<group>";
		};
/* End PBXFileSystemSynchronizedRootGroup section */

/* Begin PBXFrameworksBuildPhase section */
		F476CA442E45D15100EF7F73 /* Frameworks */ = {
			isa = PBXFrameworksBuildPhase;
			buildActionMask = 2147483647;
			files = (
			);
			runOnlyForDeploymentPostprocessing = 0;
		};
		F476CA562E45D22F00EF7F73 /* Frameworks */ = {
			isa = PBXFrameworksBuildPhase;
			buildActionMask = 2147483647;
			files = (
			);
			runOnlyForDeploymentPostprocessing = 0;
		};
		F476CA602E45D22F00EF7F73 /* Frameworks */ = {
			isa = PBXFrameworksBuildPhase;
			buildActionMask = 2147483647;
			files = (
			);
			runOnlyForDeploymentPostprocessing = 0;
		};
/* End PBXFrameworksBuildPhase section */

/* Begin PBXGroup section */
		F476CA3E2E45D15100EF7F73 = {
			isa = PBXGroup;
			children = (
				F476CA492E45D15100EF7F73 /* SmartFinance */,
				F476CA5C2E45D22F00EF7F73 /* SmartFinanceTests */,
				F476CA662E45D22F00EF7F73 /* SmartFinanceUITests */,
				F476CA482E45D15100EF7F73 /* Products */,
				F482C7352E4625B40031DAF0 /* README.md */,
			);
			sourceTree = "<group>";
		};
		F476CA482E45D15100EF7F73 /* Products */ = {
			isa = PBXGroup;
			children = (
				F476CA472E45D15100EF7F73 /* SmartFinance.app */,
				F476CA592E45D22F00EF7F73 /* SmartFinanceTests.xctest */,
				F476CA632E45D22F00EF7F73 /* SmartFinanceUITests.xctest */,
			);
			name = Products;
			sourceTree = "<group>";
		};
/* End PBXGroup section */

/* Begin PBXNativeTarget section */
		F476CA462E45D15100EF7F73 /* SmartFinance */ = {
			isa = PBXNativeTarget;
			buildConfigurationList = F476CA6D2E45D22F00EF7F73 /* Build configuration list for PBXNativeTarget "SmartFinance" */;
			buildPhases = (
				F476CA432E45D15100EF7F73 /* Sources */,
				F476CA442E45D15100EF7F73 /* Frameworks */,
				F476CA452E45D15100EF7F73 /* Resources */,
			);
			buildRules = (
			);
			dependencies = (
			);
			fileSystemSynchronizedGroups = (
				F476CA492E45D15100EF7F73 /* SmartFinance */,
			);
			name = SmartFinance;
			packageProductDependencies = (
			);
			productName = SmartFinance;
			productReference = F476CA472E45D15100EF7F73 /* SmartFinance.app */;
			productType = "com.apple.product-type.application";
		};
		F476CA582E45D22F00EF7F73 /* SmartFinanceTests */ = {
			isa = PBXNativeTarget;
			buildConfigurationList = F476CA702E45D22F00EF7F73 /* Build configuration list for PBXNativeTarget "SmartFinanceTests" */;
			buildPhases = (
				F476CA552E45D22F00EF7F73 /* Sources */,
				F476CA562E45D22F00EF7F73 /* Frameworks */,
				F476CA572E45D22F00EF7F73 /* Resources */,
			);
			buildRules = (
			);
			dependencies = (
				F476CA5B2E45D22F00EF7F73 /* PBXTargetDependency */,
			);
			fileSystemSynchronizedGroups = (
				F476CA5C2E45D22F00EF7F73 /* SmartFinanceTests */,
			);
			name = SmartFinanceTests;
			packageProductDependencies = (
			);
			productName = SmartFinanceTests;
			productReference = F476CA592E45D22F00EF7F73 /* SmartFinanceTests.xctest */;
			productType = "com.apple.product-type.bundle.unit-test";
		};
		F476CA622E45D22F00EF7F73 /* SmartFinanceUITests */ = {
			isa = PBXNativeTarget;
			buildConfigurationList = F476CA732E45D22F00EF7F73 /* Build configuration list for PBXNativeTarget "SmartFinanceUITests" */;
			buildPhases = (
				F476CA5F2E45D22F00EF7F73 /* Sources */,
				F476CA602E45D22F00EF7F73 /* Frameworks */,
				F476CA612E45D22F00EF7F73 /* Resources */,
			);
			buildRules = (
			);
			dependencies = (
				F476CA652E45D22F00EF7F73 /* PBXTargetDependency */,
			);
			fileSystemSynchronizedGroups = (
				F476CA662E45D22F00EF7F73 /* SmartFinanceUITests */,
			);
			name = SmartFinanceUITests;
			packageProductDependencies = (
			);
			productName = SmartFinanceUITests;
			productReference = F476CA632E45D22F00EF7F73 /* SmartFinanceUITests.xctest */;
			productType = "com.apple.product-type.bundle.ui-testing";
		};
/* End PBXNativeTarget section */

/* Begin PBXProject section */
		F476CA3F2E45D15100EF7F73 /* Project object */ = {
			isa = PBXProject;
			attributes = {
				BuildIndependentTargetsInParallel = 1;
				LastSwiftUpdateCheck = 1640;
				LastUpgradeCheck = 1640;
				TargetAttributes = {
					F476CA462E45D15100EF7F73 = {
						CreatedOnToolsVersion = 16.4;
					};
					F476CA582E45D22F00EF7F73 = {
						CreatedOnToolsVersion = 16.4;
						TestTargetID = F476CA462E45D15100EF7F73;
					};
					F476CA622E45D22F00EF7F73 = {
						CreatedOnToolsVersion = 16.4;
						TestTargetID = F476CA462E45D15100EF7F73;
					};
				};
			};
			buildConfigurationList = F476CA422E45D15100EF7F73 /* Build configuration list for PBXProject "SmartFinance" */;
			developmentRegion = en;
			hasScannedForEncodings = 0;
			knownRegions = (
				en,
				Base,
			);
			mainGroup = F476CA3E2E45D15100EF7F73;
			minimizedProjectReferenceProxies = 1;
			preferredProjectObjectVersion = 77;
			productRefGroup = F476CA482E45D15100EF7F73 /* Products */;
			projectDirPath = "";
			projectRoot = "";
			targets = (
				F476CA462E45D15100EF7F73 /* SmartFinance */,
				F476CA582E45D22F00EF7F73 /* SmartFinanceTests */,
				F476CA622E45D22F00EF7F73 /* SmartFinanceUITests */,
			);
		};
/* End PBXProject section */

/* Begin PBXResourcesBuildPhase section */
		F476CA452E45D15100EF7F73 /* Resources */ = {
			isa = PBXResourcesBuildPhase;
			buildActionMask = 2147483647;
			files = (
				F482C7362E4625BC0031DAF0 /* README.md in Resources */,
			);
			runOnlyForDeploymentPostprocessing = 0;
		};
		F476CA572E45D22F00EF7F73 /* Resources */ = {
			isa = PBXResourcesBuildPhase;
			buildActionMask = 2147483647;
			files = (
			);
			runOnlyForDeploymentPostprocessing = 0;
		};
		F476CA612E45D22F00EF7F73 /* Resources */ = {
			isa = PBXResourcesBuildPhase;
			buildActionMask = 2147483647;
			files = (
			);
			runOnlyForDeploymentPostprocessing = 0;
		};
/* End PBXResourcesBuildPhase section */

/* Begin PBXSourcesBuildPhase section */
		F476CA432E45D15100EF7F73 /* Sources */ = {
			isa = PBXSourcesBuildPhase;
			buildActionMask = 2147483647;
			files = (
			);
			runOnlyForDeploymentPostprocessing = 0;
		};
		F476CA552E45D22F00EF7F73 /* Sources */ = {
			isa = PBXSourcesBuildPhase;
			buildActionMask = 2147483647;
			files = (
			);
			runOnlyForDeploymentPostprocessing = 0;
		};
		F476CA5F2E45D22F00EF7F73 /* Sources */ = {
			isa = PBXSourcesBuildPhase;
			buildActionMask = 2147483647;
			files = (
			);
			runOnlyForDeploymentPostprocessing = 0;
		};
/* End PBXSourcesBuildPhase section */

/* Begin PBXTargetDependency section */
		F476CA5B2E45D22F00EF7F73 /* PBXTargetDependency */ = {
			isa = PBXTargetDependency;
			target = F476CA462E45D15100EF7F73 /* SmartFinance */;
			targetProxy = F476CA5A2E45D22F00EF7F73 /* PBXContainerItemProxy */;
		};
		F476CA652E45D22F00EF7F73 /* PBXTargetDependency */ = {
			isa = PBXTargetDependency;
			target = F476CA462E45D15100EF7F73 /* SmartFinance */;
			targetProxy = F476CA642E45D22F00EF7F73 /* PBXContainerItemProxy */;
		};
/* End PBXTargetDependency section */

/* Begin XCBuildConfiguration section */
		F476CA6B2E45D22F00EF7F73 /* Debug */ = {
			isa = XCBuildConfiguration;
			buildSettings = {
				ALWAYS_SEARCH_USER_PATHS = NO;
				ASSETCATALOG_COMPILER_GENERATE_SWIFT_ASSET_SYMBOL_EXTENSIONS = YES;
				CLANG_ANALYZER_NONNULL = YES;
				CLANG_ANALYZER_NUMBER_OBJECT_CONVERSION = YES_AGGRESSIVE;
				CLANG_CXX_LANGUAGE_STANDARD = "gnu++20";
				CLANG_ENABLE_MODULES = YES;
				CLANG_ENABLE_OBJC_ARC = YES;
				CLANG_ENABLE_OBJC_WEAK = YES;
				CLANG_WARN_BLOCK_CAPTURE_AUTORELEASING = YES;
				CLANG_WARN_BOOL_CONVERSION = YES;
				CLANG_WARN_COMMA = YES;
				CLANG_WARN_CONSTANT_CONVERSION = YES;
				CLANG_WARN_DEPRECATED_OBJC_IMPLEMENTATIONS = YES;
				CLANG_WARN_DIRECT_OBJC_ISA_USAGE = YES_ERROR;
				CLANG_WARN_DOCUMENTATION_COMMENTS = YES;
				CLANG_WARN_EMPTY_BODY = YES;
				CLANG_WARN_ENUM_CONVERSION = YES;
				CLANG_WARN_INFINITE_RECURSION = YES;
				CLANG_WARN_INT_CONVERSION = YES;
				CLANG_WARN_NON_LITERAL_NULL_CONVERSION = YES;
				CLANG_WARN_OBJC_IMPLICIT_RETAIN_SELF = YES;
				CLANG_WARN_OBJC_LITERAL_CONVERSION = YES;
				CLANG_WARN_OBJC_ROOT_CLASS = YES_ERROR;
				CLANG_WARN_QUOTED_INCLUDE_IN_FRAMEWORK_HEADER = YES;
				CLANG_WARN_RANGE_LOOP_ANALYSIS = YES;
				CLANG_WARN_STRICT_PROTOTYPES = YES;
				CLANG_WARN_SUSPICIOUS_MOVE = YES;
				CLANG_WARN_UNGUARDED_AVAILABILITY = YES_AGGRESSIVE;
				CLANG_WARN_UNREACHABLE_CODE = YES;
				CLANG_WARN__DUPLICATE_METHOD_MATCH = YES;
				COPY_PHASE_STRIP = NO;
				DEBUG_INFORMATION_FORMAT = dwarf;
				DEVELOPMENT_TEAM = H46F5Z8KW7;
				ENABLE_STRICT_OBJC_MSGSEND = YES;
				ENABLE_TESTABILITY = YES;
				ENABLE_USER_SCRIPT_SANDBOXING = YES;
				GCC_C_LANGUAGE_STANDARD = gnu17;
				GCC_DYNAMIC_NO_PIC = NO;
				GCC_NO_COMMON_BLOCKS = YES;
				GCC_OPTIMIZATION_LEVEL = 0;
				GCC_PREPROCESSOR_DEFINITIONS = (
					"DEBUG=1",
					"$(inherited)",
				);
				GCC_WARN_64_TO_32_BIT_CONVERSION = YES;
				GCC_WARN_ABOUT_RETURN_TYPE = YES_ERROR;
				GCC_WARN_UNDECLARED_SELECTOR = YES;
				GCC_WARN_UNINITIALIZED_AUTOS = YES_AGGRESSIVE;
				GCC_WARN_UNUSED_FUNCTION = YES;
				GCC_WARN_UNUSED_VARIABLE = YES;
				IPHONEOS_DEPLOYMENT_TARGET = 18.5;
				LOCALIZATION_PREFERS_STRING_CATALOGS = YES;
				MTL_ENABLE_DEBUG_INFO = INCLUDE_SOURCE;
				MTL_FAST_MATH = YES;
				ONLY_ACTIVE_ARCH = YES;
				SDKROOT = iphoneos;
				SWIFT_ACTIVE_COMPILATION_CONDITIONS = "DEBUG $(inherited)";
				SWIFT_OPTIMIZATION_LEVEL = "-Onone";
			};
			name = Debug;
		};
		F476CA6C2E45D22F00EF7F73 /* Release */ = {
			isa = XCBuildConfiguration;
			buildSettings = {
				ALWAYS_SEARCH_USER_PATHS = NO;
				ASSETCATALOG_COMPILER_GENERATE_SWIFT_ASSET_SYMBOL_EXTENSIONS = YES;
				CLANG_ANALYZER_NONNULL = YES;
				CLANG_ANALYZER_NUMBER_OBJECT_CONVERSION = YES_AGGRESSIVE;
				CLANG_CXX_LANGUAGE_STANDARD = "gnu++20";
				CLANG_ENABLE_MODULES = YES;
				CLANG_ENABLE_OBJC_ARC = YES;
				CLANG_ENABLE_OBJC_WEAK = YES;
				CLANG_WARN_BLOCK_CAPTURE_AUTORELEASING = YES;
				CLANG_WARN_BOOL_CONVERSION = YES;
				CLANG_WARN_COMMA = YES;
				CLANG_WARN_CONSTANT_CONVERSION = YES;
				CLANG_WARN_DEPRECATED_OBJC_IMPLEMENTATIONS = YES;
				CLANG_WARN_DIRECT_OBJC_ISA_USAGE = YES_ERROR;
				CLANG_WARN_DOCUMENTATION_COMMENTS = YES;
				CLANG_WARN_EMPTY_BODY = YES;
				CLANG_WARN_ENUM_CONVERSION = YES;
				CLANG_WARN_INFINITE_RECURSION = YES;
				CLANG_WARN_INT_CONVERSION = YES;
				CLANG_WARN_NON_LITERAL_NULL_CONVERSION = YES;
				CLANG_WARN_OBJC_IMPLICIT_RETAIN_SELF = YES;
				CLANG_WARN_OBJC_LITERAL_CONVERSION = YES;
				CLANG_WARN_OBJC_ROOT_CLASS = YES_ERROR;
				CLANG_WARN_QUOTED_INCLUDE_IN_FRAMEWORK_HEADER = YES;
				CLANG_WARN_RANGE_LOOP_ANALYSIS = YES;
				CLANG_WARN_STRICT_PROTOTYPES = YES;
				CLANG_WARN_SUSPICIOUS_MOVE = YES;
				CLANG_WARN_UNGUARDED_AVAILABILITY = YES_AGGRESSIVE;
				CLANG_WARN_UNREACHABLE_CODE = YES;
				CLANG_WARN__DUPLICATE_METHOD_MATCH = YES;
				COPY_PHASE_STRIP = NO;
				DEBUG_INFORMATION_FORMAT = "dwarf-with-dsym";
				DEVELOPMENT_TEAM = H46F5Z8KW7;
				ENABLE_NS_ASSERTIONS = NO;
				ENABLE_STRICT_OBJC_MSGSEND = YES;
				ENABLE_USER_SCRIPT_SANDBOXING = YES;
				GCC_C_LANGUAGE_STANDARD = gnu17;
				GCC_NO_COMMON_BLOCKS = YES;
				GCC_WARN_64_TO_32_BIT_CONVERSION = YES;
				GCC_WARN_ABOUT_RETURN_TYPE = YES_ERROR;
				GCC_WARN_UNDECLARED_SELECTOR = YES;
				GCC_WARN_UNINITIALIZED_AUTOS = YES_AGGRESSIVE;
				GCC_WARN_UNUSED_FUNCTION = YES;
				GCC_WARN_UNUSED_VARIABLE = YES;
				IPHONEOS_DEPLOYMENT_TARGET = 18.5;
				LOCALIZATION_PREFERS_STRING_CATALOGS = YES;
				MTL_ENABLE_DEBUG_INFO = NO;
				MTL_FAST_MATH = YES;
				SDKROOT = iphoneos;
				SWIFT_COMPILATION_MODE = wholemodule;
				VALIDATE_PRODUCT = YES;
			};
			name = Release;
		};
		F476CA6E2E45D22F00EF7F73 /* Debug */ = {
			isa = XCBuildConfiguration;
			buildSettings = {
				ASSETCATALOG_COMPILER_APPICON_NAME = AppIcon;
				ASSETCATALOG_COMPILER_GLOBAL_ACCENT_COLOR_NAME = AccentColor;
				CODE_SIGN_STYLE = Automatic;
				CURRENT_PROJECT_VERSION = 1;
				DEVELOPMENT_TEAM = H46F5Z8KW7;
				ENABLE_PREVIEWS = YES;
				GENERATE_INFOPLIST_FILE = YES;
				INFOPLIST_KEY_UIApplicationSceneManifest_Generation = YES;
				INFOPLIST_KEY_UIApplicationSupportsIndirectInputEvents = YES;
				INFOPLIST_KEY_UILaunchScreen_Generation = YES;
				INFOPLIST_KEY_UISupportedInterfaceOrientations_iPad = "UIInterfaceOrientationPortrait UIInterfaceOrientationPortraitUpsideDown UIInterfaceOrientationLandscapeLeft UIInterfaceOrientationLandscapeRight";
				INFOPLIST_KEY_UISupportedInterfaceOrientations_iPhone = "UIInterfaceOrientationPortrait UIInterfaceOrientationLandscapeLeft UIInterfaceOrientationLandscapeRight";
				LD_RUNPATH_SEARCH_PATHS = (
					"$(inherited)",
					"@executable_path/Frameworks",
				);
				MARKETING_VERSION = 1.0;
				PRODUCT_BUNDLE_IDENTIFIER = com.snig.SmartFinance;
				PRODUCT_NAME = "$(TARGET_NAME)";
				SWIFT_EMIT_LOC_STRINGS = YES;
				SWIFT_VERSION = 5.0;
				TARGETED_DEVICE_FAMILY = "1,2";
			};
			name = Debug;
		};
		F476CA6F2E45D22F00EF7F73 /* Release */ = {
			isa = XCBuildConfiguration;
			buildSettings = {
				ASSETCATALOG_COMPILER_APPICON_NAME = AppIcon;
				ASSETCATALOG_COMPILER_GLOBAL_ACCENT_COLOR_NAME = AccentColor;
				CODE_SIGN_STYLE = Automatic;
				CURRENT_PROJECT_VERSION = 1;
				DEVELOPMENT_TEAM = H46F5Z8KW7;
				ENABLE_PREVIEWS = YES;
				GENERATE_INFOPLIST_FILE = YES;
				INFOPLIST_KEY_UIApplicationSceneManifest_Generation = YES;
				INFOPLIST_KEY_UIApplicationSupportsIndirectInputEvents = YES;
				INFOPLIST_KEY_UILaunchScreen_Generation = YES;
				INFOPLIST_KEY_UISupportedInterfaceOrientations_iPad = "UIInterfaceOrientationPortrait UIInterfaceOrientationPortraitUpsideDown UIInterfaceOrientationLandscapeLeft UIInterfaceOrientationLandscapeRight";
				INFOPLIST_KEY_UISupportedInterfaceOrientations_iPhone = "UIInterfaceOrientationPortrait UIInterfaceOrientationLandscapeLeft UIInterfaceOrientationLandscapeRight";
				LD_RUNPATH_SEARCH_PATHS = (
					"$(inherited)",
					"@executable_path/Frameworks",
				);
				MARKETING_VERSION = 1.0;
				PRODUCT_BUNDLE_IDENTIFIER = com.snig.SmartFinance;
				PRODUCT_NAME = "$(TARGET_NAME)";
				SWIFT_EMIT_LOC_STRINGS = YES;
				SWIFT_VERSION = 5.0;
				TARGETED_DEVICE_FAMILY = "1,2";
			};
			name = Release;
		};
		F476CA712E45D22F00EF7F73 /* Debug */ = {
			isa = XCBuildConfiguration;
			buildSettings = {
				BUNDLE_LOADER = "$(TEST_HOST)";
				CODE_SIGN_STYLE = Automatic;
				CURRENT_PROJECT_VERSION = 1;
				DEVELOPMENT_TEAM = H46F5Z8KW7;
				GENERATE_INFOPLIST_FILE = YES;
				IPHONEOS_DEPLOYMENT_TARGET = 18.5;
				MARKETING_VERSION = 1.0;
				PRODUCT_BUNDLE_IDENTIFIER = com.snig.SmartFinanceTests;
				PRODUCT_NAME = "$(TARGET_NAME)";
				SWIFT_EMIT_LOC_STRINGS = NO;
				SWIFT_VERSION = 5.0;
				TARGETED_DEVICE_FAMILY = "1,2";
				TEST_HOST = "$(BUILT_PRODUCTS_DIR)/SmartFinance.app/$(BUNDLE_EXECUTABLE_FOLDER_PATH)/SmartFinance";
			};
			name = Debug;
		};
		F476CA722E45D22F00EF7F73 /* Release */ = {
			isa = XCBuildConfiguration;
			buildSettings = {
				BUNDLE_LOADER = "$(TEST_HOST)";
				CODE_SIGN_STYLE = Automatic;
				CURRENT_PROJECT_VERSION = 1;
				DEVELOPMENT_TEAM = H46F5Z8KW7;
				GENERATE_INFOPLIST_FILE = YES;
				IPHONEOS_DEPLOYMENT_TARGET = 18.5;
				MARKETING_VERSION = 1.0;
				PRODUCT_BUNDLE_IDENTIFIER = com.snig.SmartFinanceTests;
				PRODUCT_NAME = "$(TARGET_NAME)";
				SWIFT_EMIT_LOC_STRINGS = NO;
				SWIFT_VERSION = 5.0;
				TARGETED_DEVICE_FAMILY = "1,2";
				TEST_HOST = "$(BUILT_PRODUCTS_DIR)/SmartFinance.app/$(BUNDLE_EXECUTABLE_FOLDER_PATH)/SmartFinance";
			};
			name = Release;
		};
		F476CA742E45D22F00EF7F73 /* Debug */ = {
			isa = XCBuildConfiguration;
			buildSettings = {
				CODE_SIGN_STYLE = Automatic;
				CURRENT_PROJECT_VERSION = 1;
				DEVELOPMENT_TEAM = H46F5Z8KW7;
				GENERATE_INFOPLIST_FILE = YES;
				MARKETING_VERSION = 1.0;
				PRODUCT_BUNDLE_IDENTIFIER = com.snig.SmartFinanceUITests;
				PRODUCT_NAME = "$(TARGET_NAME)";
				SWIFT_EMIT_LOC_STRINGS = NO;
				SWIFT_VERSION = 5.0;
				TARGETED_DEVICE_FAMILY = "1,2";
				TEST_TARGET_NAME = SmartFinance;
			};
			name = Debug;
		};
		F476CA752E45D22F00EF7F73 /* Release */ = {
			isa = XCBuildConfiguration;
			buildSettings = {
				CODE_SIGN_STYLE = Automatic;
				CURRENT_PROJECT_VERSION = 1;
				DEVELOPMENT_TEAM = H46F5Z8KW7;
				GENERATE_INFOPLIST_FILE = YES;
				MARKETING_VERSION = 1.0;
				PRODUCT_BUNDLE_IDENTIFIER = com.snig.SmartFinanceUITests;
				PRODUCT_NAME = "$(TARGET_NAME)";
				SWIFT_EMIT_LOC_STRINGS = NO;
				SWIFT_VERSION = 5.0;
				TARGETED_DEVICE_FAMILY = "1,2";
				TEST_TARGET_NAME = SmartFinance;
			};
			name = Release;
		};
/* End XCBuildConfiguration section */

/* Begin XCConfigurationList section */
		F476CA422E45D15100EF7F73 /* Build configuration list for PBXProject "SmartFinance" */ = {
			isa = XCConfigurationList;
			buildConfigurations = (
				F476CA6B2E45D22F00EF7F73 /* Debug */,
				F476CA6C2E45D22F00EF7F73 /* Release */,
			);
			defaultConfigurationIsVisible = 0;
			defaultConfigurationName = Release;
		};
		F476CA6D2E45D22F00EF7F73 /* Build configuration list for PBXNativeTarget "SmartFinance" */ = {
			isa = XCConfigurationList;
			buildConfigurations = (
				F476CA6E2E45D22F00EF7F73 /* Debug */,
				F476CA6F2E45D22F00EF7F73 /* Release */,
			);
			defaultConfigurationIsVisible = 0;
			defaultConfigurationName = Release;
		};
		F476CA702E45D22F00EF7F73 /* Build configuration list for PBXNativeTarget "SmartFinanceTests" */ = {
			isa = XCConfigurationList;
			buildConfigurations = (
				F476CA712E45D22F00EF7F73 /* Debug */,
				F476CA722E45D22F00EF7F73 /* Release */,
			);
			defaultConfigurationIsVisible = 0;
			defaultConfigurationName = Release;
		};
		F476CA732E45D22F00EF7F73 /* Build configuration list for PBXNativeTarget "SmartFinanceUITests" */ = {
			isa = XCConfigurationList;
			buildConfigurations = (
				F476CA742E45D22F00EF7F73 /* Debug */,
				F476CA752E45D22F00EF7F73 /* Release */,
			);
			defaultConfigurationIsVisible = 0;
			defaultConfigurationName = Release;
		};
/* End XCConfigurationList section */
	};
	rootObject = F476CA3F2E45D15100EF7F73 /* Project object */;
}
